
Microsoft Visual Studio Solution File, Format Version 12.00
# Visual Studio 2012
Project("{FAE04EC0-301F-11D3-BF4B-00C04F79EFBC}") = "HaemophilusWeb", "HaemophilusWeb\HaemophilusWeb.csproj", "{98EC41E5-7990-4AE1-A393-D6CBB602648E}"
EndProject
Project("{FAE04EC0-301F-11D3-BF4B-00C04F79EFBC}") = "HaemophilusWeb.Tests", "HaemophilusWeb.Tests\HaemophilusWeb.Tests.csproj", "{9559744A-2F86-4828-B1D9-669E52451F5A}"
EndProject
Project("{2150E333-8FDC-42A3-9474-1A3956D46DE8}") = ".nuget", ".nuget", "{5709C058-0A33-439C-91F1-94376C41394B}"
	ProjectSection(SolutionItems) = preProject
		.nuget\NuGet.Config = .nuget\NuGet.Config
		.nuget\NuGet.exe = .nuget\NuGet.exe
		.nuget\NuGet.targets = .nuget\NuGet.targets
	EndProjectSection
EndProject
Project("{FAE04EC0-301F-11D3-BF4B-00C04F79EFBC}") = "HaemophilusWebTests", "HaemophilusWebTests\HaemophilusWebTests.csproj", "{ECAF0583-B3D9-40B1-87D4-9D6CC9EEACAA}"
EndProject
Global
	GlobalSection(SolutionConfigurationPlatforms) = preSolution
		Debug|Any CPU = Debug|Any CPU
		Release|Any CPU = Release|Any CPU
	EndGlobalSection
	GlobalSection(ProjectConfigurationPlatforms) = postSolution
		{98EC41E5-7990-4AE1-A393-D6CBB602648E}.Debug|Any CPU.ActiveCfg = Debug|Any CPU
		{98EC41E5-7990-4AE1-A393-D6CBB602648E}.Debug|Any CPU.Build.0 = Debug|Any CPU
		{98EC41E5-7990-4AE1-A393-D6CBB602648E}.Release|Any CPU.ActiveCfg = Release|Any CPU
		{98EC41E5-7990-4AE1-A393-D6CBB602648E}.Release|Any CPU.Build.0 = Release|Any CPU
		{9559744A-2F86-4828-B1D9-669E52451F5A}.Debug|Any CPU.ActiveCfg = Debug|Any CPU
		{9559744A-2F86-4828-B1D9-669E52451F5A}.Debug|Any CPU.Build.0 = Debug|Any CPU
		{9559744A-2F86-4828-B1D9-669E52451F5A}.Release|Any CPU.ActiveCfg = Release|Any CPU
		{9559744A-2F86-4828-B1D9-669E52451F5A}.Release|Any CPU.Build.0 = Release|Any CPU
		{ECAF0583-B3D9-40B1-87D4-9D6CC9EEACAA}.Debug|Any CPU.ActiveCfg = Debug|Any CPU
		{ECAF0583-B3D9-40B1-87D4-9D6CC9EEACAA}.Debug|Any CPU.Build.0 = Debug|Any CPU
		{ECAF0583-B3D9-40B1-87D4-9D6CC9EEACAA}.Release|Any CPU.ActiveCfg = Release|Any CPU
		{ECAF0583-B3D9-40B1-87D4-9D6CC9EEACAA}.Release|Any CPU.Build.0 = Release|Any CPU
	EndGlobalSection
	GlobalSection(SolutionProperties) = preSolution
		HideSolutionNode = FALSE
	EndGlobalSection
EndGlobal
